
Microsoft Visual Studio Solution File, Format Version 12.00
# Visual Studio Version 17
VisualStudioVersion = 17.0.31903.59
MinimumVisualStudioVersion = 10.0.40219.1
Project("{FAE04EC0-301F-11D3-BF4B-00C04F79EFBC}") = "Platform.Api", "src\Platform.Api\Platform.Api.csproj", "{549BDA25-0BCF-5D54-92CB-EEBE5C13FA96}"
EndProject
Project("{FAE04EC0-301F-11D3-BF4B-00C04F79EFBC}") = "Platform.ArchTests", "tests\Platform.ArchTests\Platform.ArchTests.csproj", "{044055AD-0127-57A6-9CC0-F7C9FCC3B9F5}"
EndProject
Project("{FAE04EC0-301F-11D3-BF4B-00C04F79EFBC}") = "Platform.SecurityArchTests", "tests\Platform.SecurityArchTests\Platform.SecurityArchTests.csproj", "{A45D6B1D-7B69-518F-9A80-225F8C53EEAF}"
EndProject
Project("{FAE04EC0-301F-11D3-BF4B-00C04F79EFBC}") = "Platform.UnitTests", "tests\Platform.UnitTests\Platform.UnitTests.csproj", "{8287A5E3-64E1-5C3D-9F19-394E31BC4586}"
EndProject
Project("{FAE04EC0-301F-11D3-BF4B-00C04F79EFBC}") = "Platform.IntegrationTests", "tests\Platform.IntegrationTests\Platform.IntegrationTests.csproj", "{249A7391-3B07-5CD3-8F9C-A7EEF7EC748E}"
EndProject
Project("{FAE04EC0-301F-11D3-BF4B-00C04F79EFBC}") = "Platform.PerformanceTests", "tests\Platform.PerformanceTests\Platform.PerformanceTests.csproj", "{AE72D8C0-86EF-5F2B-81C5-59CCD7BFB605}"
EndProject
Project("{2150E333-8FDC-42A3-9474-1A3956D46DE8}") = "src", "src", "{827E0CD3-B72D-47B6-A68D-7590B98EB39B}"
EndProject
Project("{FAE04EC0-301F-11D3-BF4B-00C04F79EFBC}") = "Platform.Worker", "src\Platform.Worker\Platform.Worker.csproj", "{17F503E5-9EE8-47A1-B926-7B8D97423C23}"
EndProject
Project("{FAE04EC0-301F-11D3-BF4B-00C04F79EFBC}") = "Platform.GoLiveChecks", "tools\Platform.GoLiveChecks\Platform.GoLiveChecks.csproj", "{D8A45560-2469-4CBE-92AF-87B4F6B433BA}"
EndProject
Project("{2150E333-8FDC-42A3-9474-1A3956D46DE8}") = "tests", "tests", "{0AB3BF05-4346-4AA6-1389-037BE0695223}"
EndProject
Project("{FAE04EC0-301F-11D3-BF4B-00C04F79EFBC}") = "Platform.StackProbe", "tests\Platform.StackProbe\Platform.StackProbe.csproj", "{40E58672-9C86-4D8D-B2C4-08793A7B9575}"
EndProject
Global
	GlobalSection(SolutionConfigurationPlatforms) = preSolution
		Debug|Any CPU = Debug|Any CPU
		Debug|x64 = Debug|x64
		Debug|x86 = Debug|x86
		Release|Any CPU = Release|Any CPU
		Release|x64 = Release|x64
		Release|x86 = Release|x86
	EndGlobalSection
	GlobalSection(ProjectConfigurationPlatforms) = postSolution
		{549BDA25-0BCF-5D54-92CB-EEBE5C13FA96}.Debug|Any CPU.ActiveCfg = Debug|Any CPU
		{549BDA25-0BCF-5D54-92CB-EEBE5C13FA96}.Debug|Any CPU.Build.0 = Debug|Any CPU
		{549BDA25-0BCF-5D54-92CB-EEBE5C13FA96}.Debug|x64.ActiveCfg = Debug|Any CPU
		{549BDA25-0BCF-5D54-92CB-EEBE5C13FA96}.Debug|x64.Build.0 = Debug|Any CPU
		{549BDA25-0BCF-5D54-92CB-EEBE5C13FA96}.Debug|x86.ActiveCfg = Debug|Any CPU
		{549BDA25-0BCF-5D54-92CB-EEBE5C13FA96}.Debug|x86.Build.0 = Debug|Any CPU
		{549BDA25-0BCF-5D54-92CB-EEBE5C13FA96}.Release|Any CPU.ActiveCfg = Release|Any CPU
		{549BDA25-0BCF-5D54-92CB-EEBE5C13FA96}.Release|Any CPU.Build.0 = Release|Any CPU
		{549BDA25-0BCF-5D54-92CB-EEBE5C13FA96}.Release|x64.ActiveCfg = Release|Any CPU
		{549BDA25-0BCF-5D54-92CB-EEBE5C13FA96}.Release|x64.Build.0 = Release|Any CPU
		{549BDA25-0BCF-5D54-92CB-EEBE5C13FA96}.Release|x86.ActiveCfg = Release|Any CPU
		{549BDA25-0BCF-5D54-92CB-EEBE5C13FA96}.Release|x86.Build.0 = Release|Any CPU
		{044055AD-0127-57A6-9CC0-F7C9FCC3B9F5}.Debug|Any CPU.ActiveCfg = Debug|Any CPU
		{044055AD-0127-57A6-9CC0-F7C9FCC3B9F5}.Debug|Any CPU.Build.0 = Debug|Any CPU
		{044055AD-0127-57A6-9CC0-F7C9FCC3B9F5}.Debug|x64.ActiveCfg = Debug|Any CPU
		{044055AD-0127-57A6-9CC0-F7C9FCC3B9F5}.Debug|x64.Build.0 = Debug|Any CPU
		{044055AD-0127-57A6-9CC0-F7C9FCC3B9F5}.Debug|x86.ActiveCfg = Debug|Any CPU
		{044055AD-0127-57A6-9CC0-F7C9FCC3B9F5}.Debug|x86.Build.0 = Debug|Any CPU
		{044055AD-0127-57A6-9CC0-F7C9FCC3B9F5}.Release|Any CPU.ActiveCfg = Release|Any CPU
		{044055AD-0127-57A6-9CC0-F7C9FCC3B9F5}.Release|Any CPU.Build.0 = Release|Any CPU
		{044055AD-0127-57A6-9CC0-F7C9FCC3B9F5}.Release|x64.ActiveCfg = Release|Any CPU
		{044055AD-0127-57A6-9CC0-F7C9FCC3B9F5}.Release|x64.Build.0 = Release|Any CPU
		{044055AD-0127-57A6-9CC0-F7C9FCC3B9F5}.Release|x86.ActiveCfg = Release|Any CPU
		{044055AD-0127-57A6-9CC0-F7C9FCC3B9F5}.Release|x86.Build.0 = Release|Any CPU
		{A45D6B1D-7B69-518F-9A80-225F8C53EEAF}.Debug|Any CPU.ActiveCfg = Debug|Any CPU
		{A45D6B1D-7B69-518F-9A80-225F8C53EEAF}.Debug|Any CPU.Build.0 = Debug|Any CPU
		{A45D6B1D-7B69-518F-9A80-225F8C53EEAF}.Debug|x64.ActiveCfg = Debug|Any CPU
		{A45D6B1D-7B69-518F-9A80-225F8C53EEAF}.Debug|x64.Build.0 = Debug|Any CPU
		{A45D6B1D-7B69-518F-9A80-225F8C53EEAF}.Debug|x86.ActiveCfg = Debug|Any CPU
		{A45D6B1D-7B69-518F-9A80-225F8C53EEAF}.Debug|x86.Build.0 = Debug|Any CPU
		{A45D6B1D-7B69-518F-9A80-225F8C53EEAF}.Release|Any CPU.ActiveCfg = Release|Any CPU
		{A45D6B1D-7B69-518F-9A80-225F8C53EEAF}.Release|Any CPU.Build.0 = Release|Any CPU
		{A45D6B1D-7B69-518F-9A80-225F8C53EEAF}.Release|x64.ActiveCfg = Release|Any CPU
		{A45D6B1D-7B69-518F-9A80-225F8C53EEAF}.Release|x64.Build.0 = Release|Any CPU
		{A45D6B1D-7B69-518F-9A80-225F8C53EEAF}.Release|x86.ActiveCfg = Release|Any CPU
		{A45D6B1D-7B69-518F-9A80-225F8C53EEAF}.Release|x86.Build.0 = Release|Any CPU
		{8287A5E3-64E1-5C3D-9F19-394E31BC4586}.Debug|Any CPU.ActiveCfg = Debug|Any CPU
		{8287A5E3-64E1-5C3D-9F19-394E31BC4586}.Debug|Any CPU.Build.0 = Debug|Any CPU
		{8287A5E3-64E1-5C3D-9F19-394E31BC4586}.Debug|x64.ActiveCfg = Debug|Any CPU
		{8287A5E3-64E1-5C3D-9F19-394E31BC4586}.Debug|x64.Build.0 = Debug|Any CPU
		{8287A5E3-64E1-5C3D-9F19-394E31BC4586}.Debug|x86.ActiveCfg = Debug|Any CPU
		{8287A5E3-64E1-5C3D-9F19-394E31BC4586}.Debug|x86.Build.0 = Debug|Any CPU
		{8287A5E3-64E1-5C3D-9F19-394E31BC4586}.Release|Any CPU.ActiveCfg = Release|Any CPU
		{8287A5E3-64E1-5C3D-9F19-394E31BC4586}.Release|Any CPU.Build.0 = Release|Any CPU
		{8287A5E3-64E1-5C3D-9F19-394E31BC4586}.Release|x64.ActiveCfg = Release|Any CPU
		{8287A5E3-64E1-5C3D-9F19-394E31BC4586}.Release|x64.Build.0 = Release|Any CPU
		{8287A5E3-64E1-5C3D-9F19-394E31BC4586}.Release|x86.ActiveCfg = Release|Any CPU
		{8287A5E3-64E1-5C3D-9F19-394E31BC4586}.Release|x86.Build.0 = Release|Any CPU
		{249A7391-3B07-5CD3-8F9C-A7EEF7EC748E}.Debug|Any CPU.ActiveCfg = Debug|Any CPU
		{249A7391-3B07-5CD3-8F9C-A7EEF7EC748E}.Debug|Any CPU.Build.0 = Debug|Any CPU
		{249A7391-3B07-5CD3-8F9C-A7EEF7EC748E}.Debug|x64.ActiveCfg = Debug|Any CPU
		{249A7391-3B07-5CD3-8F9C-A7EEF7EC748E}.Debug|x64.Build.0 = Debug|Any CPU
		{249A7391-3B07-5CD3-8F9C-A7EEF7EC748E}.Debug|x86.ActiveCfg = Debug|Any CPU
		{249A7391-3B07-5CD3-8F9C-A7EEF7EC748E}.Debug|x86.Build.0 = Debug|Any CPU
		{249A7391-3B07-5CD3-8F9C-A7EEF7EC748E}.Release|Any CPU.ActiveCfg = Release|Any CPU
		{249A7391-3B07-5CD3-8F9C-A7EEF7EC748E}.Release|Any CPU.Build.0 = Release|Any CPU
		{249A7391-3B07-5CD3-8F9C-A7EEF7EC748E}.Release|x64.ActiveCfg = Release|Any CPU
		{249A7391-3B07-5CD3-8F9C-A7EEF7EC748E}.Release|x64.Build.0 = Release|Any CPU
		{249A7391-3B07-5CD3-8F9C-A7EEF7EC748E}.Release|x86.ActiveCfg = Release|Any CPU
		{249A7391-3B07-5CD3-8F9C-A7EEF7EC748E}.Release|x86.Build.0 = Release|Any CPU
		{AE72D8C0-86EF-5F2B-81C5-59CCD7BFB605}.Debug|Any CPU.ActiveCfg = Debug|Any CPU
		{AE72D8C0-86EF-5F2B-81C5-59CCD7BFB605}.Debug|Any CPU.Build.0 = Debug|Any CPU
		{AE72D8C0-86EF-5F2B-81C5-59CCD7BFB605}.Debug|x64.ActiveCfg = Debug|Any CPU
		{AE72D8C0-86EF-5F2B-81C5-59CCD7BFB605}.Debug|x64.Build.0 = Debug|Any CPU
		{AE72D8C0-86EF-5F2B-81C5-59CCD7BFB605}.Debug|x86.ActiveCfg = Debug|Any CPU
		{AE72D8C0-86EF-5F2B-81C5-59CCD7BFB605}.Debug|x86.Build.0 = Debug|Any CPU
		{AE72D8C0-86EF-5F2B-81C5-59CCD7BFB605}.Release|Any CPU.ActiveCfg = Release|Any CPU
		{AE72D8C0-86EF-5F2B-81C5-59CCD7BFB605}.Release|Any CPU.Build.0 = Release|Any CPU
		{AE72D8C0-86EF-5F2B-81C5-59CCD7BFB605}.Release|x64.ActiveCfg = Release|Any CPU
		{AE72D8C0-86EF-5F2B-81C5-59CCD7BFB605}.Release|x64.Build.0 = Release|Any CPU
		{AE72D8C0-86EF-5F2B-81C5-59CCD7BFB605}.Release|x86.ActiveCfg = Release|Any CPU
		{AE72D8C0-86EF-5F2B-81C5-59CCD7BFB605}.Release|x86.Build.0 = Release|Any CPU
		{17F503E5-9EE8-47A1-B926-7B8D97423C23}.Debug|Any CPU.ActiveCfg = Debug|Any CPU
		{17F503E5-9EE8-47A1-B926-7B8D97423C23}.Debug|Any CPU.Build.0 = Debug|Any CPU
		{17F503E5-9EE8-47A1-B926-7B8D97423C23}.Debug|x64.ActiveCfg = Debug|Any CPU
		{17F503E5-9EE8-47A1-B926-7B8D97423C23}.Debug|x64.Build.0 = Debug|Any CPU
		{17F503E5-9EE8-47A1-B926-7B8D97423C23}.Debug|x86.ActiveCfg = Debug|Any CPU
		{17F503E5-9EE8-47A1-B926-7B8D97423C23}.Debug|x86.Build.0 = Debug|Any CPU
		{17F503E5-9EE8-47A1-B926-7B8D97423C23}.Release|Any CPU.ActiveCfg = Release|Any CPU
		{17F503E5-9EE8-47A1-B926-7B8D97423C23}.Release|Any CPU.Build.0 = Release|Any CPU
		{17F503E5-9EE8-47A1-B926-7B8D97423C23}.Release|x64.ActiveCfg = Release|Any CPU
		{17F503E5-9EE8-47A1-B926-7B8D97423C23}.Release|x64.Build.0 = Release|Any CPU
		{17F503E5-9EE8-47A1-B926-7B8D97423C23}.Release|x86.ActiveCfg = Release|Any CPU
		{17F503E5-9EE8-47A1-B926-7B8D97423C23}.Release|x86.Build.0 = Release|Any CPU
		{D8A45560-2469-4CBE-92AF-87B4F6B433BA}.Debug|Any CPU.ActiveCfg = Debug|Any CPU
		{D8A45560-2469-4CBE-92AF-87B4F6B433BA}.Debug|Any CPU.Build.0 = Debug|Any CPU
		{D8A45560-2469-4CBE-92AF-87B4F6B433BA}.Debug|x64.ActiveCfg = Debug|Any CPU
		{D8A45560-2469-4CBE-92AF-87B4F6B433BA}.Debug|x64.Build.0 = Debug|Any CPU
		{D8A45560-2469-4CBE-92AF-87B4F6B433BA}.Debug|x86.ActiveCfg = Debug|Any CPU
		{D8A45560-2469-4CBE-92AF-87B4F6B433BA}.Debug|x86.Build.0 = Debug|Any CPU
		{D8A45560-2469-4CBE-92AF-87B4F6B433BA}.Release|Any CPU.ActiveCfg = Release|Any CPU
		{D8A45560-2469-4CBE-92AF-87B4F6B433BA}.Release|Any CPU.Build.0 = Release|Any CPU
		{D8A45560-2469-4CBE-92AF-87B4F6B433BA}.Release|x64.ActiveCfg = Release|Any CPU
		{D8A45560-2469-4CBE-92AF-87B4F6B433BA}.Release|x64.Build.0 = Release|Any CPU
		{D8A45560-2469-4CBE-92AF-87B4F6B433BA}.Release|x86.ActiveCfg = Release|Any CPU
		{D8A45560-2469-4CBE-92AF-87B4F6B433BA}.Release|x86.Build.0 = Release|Any CPU
		{40E58672-9C86-4D8D-B2C4-08793A7B9575}.Debug|Any CPU.ActiveCfg = Debug|Any CPU
		{40E58672-9C86-4D8D-B2C4-08793A7B9575}.Debug|Any CPU.Build.0 = Debug|Any CPU
		{40E58672-9C86-4D8D-B2C4-08793A7B9575}.Debug|x64.ActiveCfg = Debug|Any CPU
		{40E58672-9C86-4D8D-B2C4-08793A7B9575}.Debug|x64.Build.0 = Debug|Any CPU
		{40E58672-9C86-4D8D-B2C4-08793A7B9575}.Debug|x86.ActiveCfg = Debug|Any CPU
		{40E58672-9C86-4D8D-B2C4-08793A7B9575}.Debug|x86.Build.0 = Debug|Any CPU
		{40E58672-9C86-4D8D-B2C4-08793A7B9575}.Release|Any CPU.ActiveCfg = Release|Any CPU
		{40E58672-9C86-4D8D-B2C4-08793A7B9575}.Release|Any CPU.Build.0 = Release|Any CPU
		{40E58672-9C86-4D8D-B2C4-08793A7B9575}.Release|x64.ActiveCfg = Release|Any CPU
		{40E58672-9C86-4D8D-B2C4-08793A7B9575}.Release|x64.Build.0 = Release|Any CPU
		{40E58672-9C86-4D8D-B2C4-08793A7B9575}.Release|x86.ActiveCfg = Release|Any CPU
		{40E58672-9C86-4D8D-B2C4-08793A7B9575}.Release|x86.Build.0 = Release|Any CPU
	EndGlobalSection
	GlobalSection(SolutionProperties) = preSolution
		HideSolutionNode = FALSE
	EndGlobalSection
	GlobalSection(NestedProjects) = preSolution
		{17F503E5-9EE8-47A1-B926-7B8D97423C23} = {827E0CD3-B72D-47B6-A68D-7590B98EB39B}
		{40E58672-9C86-4D8D-B2C4-08793A7B9575} = {0AB3BF05-4346-4AA6-1389-037BE0695223}
	EndGlobalSection
EndGlobal
